
Microsoft Visual Studio Solution File, Format Version 12.00
# Visual Studio Version 17
VisualStudioVersion = 17.7.34202.233
MinimumVisualStudioVersion = 10.0.40219.1
Project("{9A19103F-16F7-4668-BE54-9A1E7A4F7556}") = "Phenol-Minimal", "Phenol-Minimal\Phenol-Minimal.csproj", "{35FFF5A4-79E5-4EC2-889E-F4506E4E7B0B}"
EndProject
Project("{54435603-DBB4-11D2-8724-00A0C9A8B90C}") = "Phenol-Setup", "Phenol-Setup\Phenol-Setup.vdproj", "{3BCAA264-3908-4BBE-8582-94F8299936FF}"
EndProject
Global
	GlobalSection(SolutionConfigurationPlatforms) = preSolution
		Debug|Any CPU = Debug|Any CPU
		Release|Any CPU = Release|Any CPU
	EndGlobalSection
	GlobalSection(ProjectConfigurationPlatforms) = postSolution
		{35FFF5A4-79E5-4EC2-889E-F4506E4E7B0B}.Debug|Any CPU.ActiveCfg = Debug|Any CPU
		{35FFF5A4-79E5-4EC2-889E-F4506E4E7B0B}.Debug|Any CPU.Build.0 = Debug|Any CPU
		{35FFF5A4-79E5-4EC2-889E-F4506E4E7B0B}.Release|Any CPU.ActiveCfg = Release|Any CPU
		{35FFF5A4-79E5-4EC2-889E-F4506E4E7B0B}.Release|Any CPU.Build.0 = Release|Any CPU
		{3BCAA264-3908-4BBE-8582-94F8299936FF}.Debug|Any CPU.ActiveCfg = Debug
		{3BCAA264-3908-4BBE-8582-94F8299936FF}.Release|Any CPU.ActiveCfg = Release
	EndGlobalSection
	GlobalSection(SolutionProperties) = preSolution
		HideSolutionNode = FALSE
	EndGlobalSection
	GlobalSection(ExtensibilityGlobals) = postSolution
		SolutionGuid = {84968F1A-13A1-46AD-A762-81BBEBD4616A}
	EndGlobalSection
EndGlobal
